// !$*UTF8*$!
{
	archiveVersion = 1;
	classes = {
	};
	objectVersion = 46;
	objects = {

/* Begin PBXBuildFile section */
		542710751F2AB590005583BF /* AppDelegate.swift in Sources */ = {isa = PBXBuildFile; fileRef = 542710741F2AB590005583BF /* AppDelegate.swift */; };
		542710771F2AB590005583BF /* ViewController.swift in Sources */ = {isa = PBXBuildFile; fileRef = 542710761F2AB590005583BF /* ViewController.swift */; };
		5427107A1F2AB590005583BF /* Main.storyboard in Resources */ = {isa = PBXBuildFile; fileRef = 542710781F2AB590005583BF /* Main.storyboard */; };
		5427107C1F2AB590005583BF /* Assets.xcassets in Resources */ = {isa = PBXBuildFile; fileRef = 5427107B1F2AB590005583BF /* Assets.xcassets */; };
		5427107F1F2AB590005583BF /* LaunchScreen.storyboard in Resources */ = {isa = PBXBuildFile; fileRef = 5427107D1F2AB590005583BF /* LaunchScreen.storyboard */; };
		5427108A1F2AC57D005583BF /* CircleButton.swift in Sources */ = {isa = PBXBuildFile; fileRef = 542710891F2AC57D005583BF /* CircleButton.swift */; };
		5441FD1A1F2B041D00333497 /* test.m4a in Resources */ = {isa = PBXBuildFile; fileRef = 5441FD191F2B041D00333497 /* test.m4a */; };
/* End PBXBuildFile section */

/* Begin PBXFileReference section */
		542710711F2AB590005583BF /* Scribe.app */ = {isa = PBXFileReference; explicitFileType = wrapper.application; includeInIndex = 0; path = Scribe.app; sourceTree = BUILT_PRODUCTS_DIR; };
		542710741F2AB590005583BF /* AppDelegate.swift */ = {isa = PBXFileReference; lastKnownFileType = sourcecode.swift; path = AppDelegate.swift; sourceTree = "<group>"; };
		542710761F2AB590005583BF /* ViewController.swift */ = {isa = PBXFileReference; lastKnownFileType = sourcecode.swift; path = ViewController.swift; sourceTree = "<group>"; };
		542710791F2AB590005583BF /* Base */ = {isa = PBXFileReference; lastKnownFileType = file.storyboard; name = Base; path = Base.lproj/Main.storyboard; sourceTree = "<group>"; };
		5427107B1F2AB590005583BF /* Assets.xcassets */ = {isa = PBXFileReference; lastKnownFileType = folder.assetcatalog; path = Assets.xcassets; sourceTree = "<group>"; };
		5427107E1F2AB590005583BF /* Base */ = {isa = PBXFileReference; lastKnownFileType = file.storyboard; name = Base; path = Base.lproj/LaunchScreen.storyboard; sourceTree = "<group>"; };
		542710801F2AB590005583BF /* Info.plist */ = {isa = PBXFileReference; lastKnownFileType = text.plist.xml; path = Info.plist; sourceTree = "<group>"; };
		542710891F2AC57D005583BF /* CircleButton.swift */ = {isa = PBXFileReference; fileEncoding = 4; lastKnownFileType = sourcecode.swift; path = CircleButton.swift; sourceTree = "<group>"; };
		5441FD191F2B041D00333497 /* test.m4a */ = {isa = PBXFileReference; lastKnownFileType = file; path = test.m4a; sourceTree = "<group>"; };
/* End PBXFileReference section */

/* Begin PBXFrameworksBuildPhase section */
		5427106E1F2AB590005583BF /* Frameworks */ = {
			isa = PBXFrameworksBuildPhase;
			buildActionMask = 2147483647;
			files = (
			);
			runOnlyForDeploymentPostprocessing = 0;
		};
/* End PBXFrameworksBuildPhase section */

/* Begin PBXGroup section */
		542710681F2AB590005583BF = {
			isa = PBXGroup;
			children = (
				542710731F2AB590005583BF /* Scribe */,
				542710721F2AB590005583BF /* Products */,
			);
			sourceTree = "<group>";
		};
		542710721F2AB590005583BF /* Products */ = {
			isa = PBXGroup;
			children = (
				542710711F2AB590005583BF /* Scribe.app */,
			);
			name = Products;
			sourceTree = "<group>";
		};
		542710731F2AB590005583BF /* Scribe */ = {
			isa = PBXGroup;
			children = (
				5441FD1B1F2B042B00333497 /* Resources */,
				542710861F2AC384005583BF /* Model */,
				542710871F2AC388005583BF /* View */,
				542710881F2AC390005583BF /* Controller */,
				542710741F2AB590005583BF /* AppDelegate.swift */,
				542710761F2AB590005583BF /* ViewController.swift */,
				542710781F2AB590005583BF /* Main.storyboard */,
				5427107B1F2AB590005583BF /* Assets.xcassets */,
				5427107D1F2AB590005583BF /* LaunchScreen.storyboard */,
				542710801F2AB590005583BF /* Info.plist */,
			);
			path = Scribe;
			sourceTree = "<group>";
		};
		542710861F2AC384005583BF /* Model */ = {
			isa = PBXGroup;
			children = (
			);
			name = Model;
			sourceTree = "<group>";
		};
		542710871F2AC388005583BF /* View */ = {
			isa = PBXGroup;
			children = (
				542710891F2AC57D005583BF /* CircleButton.swift */,
			);
			name = View;
			sourceTree = "<group>";
		};
		542710881F2AC390005583BF /* Controller */ = {
			isa = PBXGroup;
			children = (
			);
			name = Controller;
			sourceTree = "<group>";
		};
		5441FD1B1F2B042B00333497 /* Resources */ = {
			isa = PBXGroup;
			children = (
				5441FD191F2B041D00333497 /* test.m4a */,
			);
			name = Resources;
			sourceTree = "<group>";
		};
/* End PBXGroup section */

/* Begin PBXNativeTarget section */
		542710701F2AB590005583BF /* Scribe */ = {
			isa = PBXNativeTarget;
			buildConfigurationList = 542710831F2AB590005583BF /* Build configuration list for PBXNativeTarget "Scribe" */;
			buildPhases = (
				5427106D1F2AB590005583BF /* Sources */,
				5427106E1F2AB590005583BF /* Frameworks */,
				5427106F1F2AB590005583BF /* Resources */,
			);
			buildRules = (
			);
			dependencies = (
			);
			name = Scribe;
			productName = Scribe;
			productReference = 542710711F2AB590005583BF /* Scribe.app */;
			productType = "com.apple.product-type.application";
		};
/* End PBXNativeTarget section */

/* Begin PBXProject section */
		542710691F2AB590005583BF /* Project object */ = {
			isa = PBXProject;
			attributes = {
				LastSwiftUpdateCheck = 0830;
				LastUpgradeCheck = 0830;
				ORGANIZATIONNAME = "Andre Rosa";
				TargetAttributes = {
					542710701F2AB590005583BF = {
						CreatedOnToolsVersion = 8.3.1;
						DevelopmentTeam = K27EE7EUGC;
						ProvisioningStyle = Automatic;
					};
				};
			};
			buildConfigurationList = 5427106C1F2AB590005583BF /* Build configuration list for PBXProject "Scribe" */;
			compatibilityVersion = "Xcode 3.2";
			developmentRegion = English;
			hasScannedForEncodings = 0;
			knownRegions = (
				en,
				Base,
			);
			mainGroup = 542710681F2AB590005583BF;
			productRefGroup = 542710721F2AB590005583BF /* Products */;
			projectDirPath = "";
			projectRoot = "";
			targets = (
				542710701F2AB590005583BF /* Scribe */,
			);
		};
/* End PBXProject section */

/* Begin PBXResourcesBuildPhase section */
		5427106F1F2AB590005583BF /* Resources */ = {
			isa = PBXResourcesBuildPhase;
			buildActionMask = 2147483647;
			files = (
				5441FD1A1F2B041D00333497 /* test.m4a in Resources */,
				5427107F1F2AB590005583BF /* LaunchScreen.storyboard in Resources */,
				5427107C1F2AB590005583BF /* Assets.xcassets in Resources */,
				5427107A1F2AB590005583BF /* Main.storyboard in Resources */,
			);
			runOnlyForDeploymentPostprocessing = 0;
		};
/* End PBXResourcesBuildPhase section */

/* Begin PBXSourcesBuildPhase section */
		5427106D1F2AB590005583BF /* Sources */ = {
			isa = PBXSourcesBuildPhase;
			buildActionMask = 2147483647;
			files = (
				5427108A1F2AC57D005583BF /* CircleButton.swift in Sources */,
				542710771F2AB590005583BF /* ViewController.swift in Sources */,
				542710751F2AB590005583BF /* AppDelegate.swift in Sources */,
			);
			runOnlyForDeploymentPostprocessing = 0;
		};
/* End PBXSourcesBuildPhase section */

/* Begin PBXVariantGroup section */
		542710781F2AB590005583BF /* Main.storyboard */ = {
			isa = PBXVariantGroup;
			children = (
				542710791F2AB590005583BF /* Base */,
			);
			name = Main.storyboard;
			sourceTree = "<group>";
		};
		5427107D1F2AB590005583BF /* LaunchScreen.storyboard */ = {
			isa = PBXVariantGroup;
			children = (
				5427107E1F2AB590005583BF /* Base */,
			);
			name = LaunchScreen.storyboard;
			sourceTree = "<group>";
		};
/* End PBXVariantGroup section */

/* Begin XCBuildConfiguration section */
		542710811F2AB590005583BF /* Debug */ = {
			isa = XCBuildConfiguration;
			buildSettings = {
				ALWAYS_SEARCH_USER_PATHS = NO;
				CLANG_ANALYZER_NONNULL = YES;
				CLANG_ANALYZER_NUMBER_OBJECT_CONVERSION = YES_AGGRESSIVE;
				CLANG_CXX_LANGUAGE_STANDARD = "gnu++0x";
				CLANG_CXX_LIBRARY = "libc++";
				CLANG_ENABLE_MODULES = YES;
				CLANG_ENABLE_OBJC_ARC = YES;
				CLANG_WARN_BOOL_CONVERSION = YES;
				CLANG_WARN_CONSTANT_CONVERSION = YES;
				CLANG_WARN_DIRECT_OBJC_ISA_USAGE = YES_ERROR;
				CLANG_WARN_DOCUMENTATION_COMMENTS = YES;
				CLANG_WARN_EMPTY_BODY = YES;
				CLANG_WARN_ENUM_CONVERSION = YES;
				CLANG_WARN_INFINITE_RECURSION = YES;
				CLANG_WARN_INT_CONVERSION = YES;
				CLANG_WARN_OBJC_ROOT_CLASS = YES_ERROR;
				CLANG_WARN_SUSPICIOUS_MOVE = YES;
				CLANG_WARN_UNREACHABLE_CODE = YES;
				CLANG_WARN__DUPLICATE_METHOD_MATCH = YES;
				"CODE_SIGN_IDENTITY[sdk=iphoneos*]" = "iPhone Developer";
				COPY_PHASE_STRIP = NO;
				DEBUG_INFORMATION_FORMAT = dwarf;
				ENABLE_STRICT_OBJC_MSGSEND = YES;
				ENABLE_TESTABILITY = YES;
				GCC_C_LANGUAGE_STANDARD = gnu99;
				GCC_DYNAMIC_NO_PIC = NO;
				GCC_NO_COMMON_BLOCKS = YES;
				GCC_OPTIMIZATION_LEVEL = 0;
				GCC_PREPROCESSOR_DEFINITIONS = (
					"DEBUG=1",
					"$(inherited)",
				);
				GCC_WARN_64_TO_32_BIT_CONVERSION = YES;
				GCC_WARN_ABOUT_RETURN_TYPE = YES_ERROR;
				GCC_WARN_UNDECLARED_SELECTOR = YES;
				GCC_WARN_UNINITIALIZED_AUTOS = YES_AGGRESSIVE;
				GCC_WARN_UNUSED_FUNCTION = YES;
				GCC_WARN_UNUSED_VARIABLE = YES;
				IPHONEOS_DEPLOYMENT_TARGET = 10.3;
				MTL_ENABLE_DEBUG_INFO = YES;
				ONLY_ACTIVE_ARCH = YES;
				SDKROOT = iphoneos;
				SWIFT_ACTIVE_COMPILATION_CONDITIONS = DEBUG;
				SWIFT_OPTIMIZATION_LEVEL = "-Onone";
			};
			name = Debug;
		};
		542710821F2AB590005583BF /* Release */ = {
			isa = XCBuildConfiguration;
			buildSettings = {
				ALWAYS_SEARCH_USER_PATHS = NO;
				CLANG_ANALYZER_NONNULL = YES;
				CLANG_ANALYZER_NUMBER_OBJECT_CONVERSION = YES_AGGRESSIVE;
				CLANG_CXX_LANGUAGE_STANDARD = "gnu++0x";
				CLANG_CXX_LIBRARY = "libc++";
				CLANG_ENABLE_MODULES = YES;
				CLANG_ENABLE_OBJC_ARC = YES;
				CLANG_WARN_BOOL_CONVERSION = YES;
				CLANG_WARN_CONSTANT_CONVERSION = YES;
				CLANG_WARN_DIRECT_OBJC_ISA_USAGE = YES_ERROR;
				CLANG_WARN_DOCUMENTATION_COMMENTS = YES;
				CLANG_WARN_EMPTY_BODY = YES;
				CLANG_WARN_ENUM_CONVERSION = YES;
				CLANG_WARN_INFINITE_RECURSION = YES;
				CLANG_WARN_INT_CONVERSION = YES;
				CLANG_WARN_OBJC_ROOT_CLASS = YES_ERROR;
				CLANG_WARN_SUSPICIOUS_MOVE = YES;
				CLANG_WARN_UNREACHABLE_CODE = YES;
				CLANG_WARN__DUPLICATE_METHOD_MATCH = YES;
				"CODE_SIGN_IDENTITY[sdk=iphoneos*]" = "iPhone Developer";
				COPY_PHASE_STRIP = NO;
				DEBUG_INFORMATION_FORMAT = "dwarf-with-dsym";
				ENABLE_NS_ASSERTIONS = NO;
				ENABLE_STRICT_OBJC_MSGSEND = YES;
				GCC_C_LANGUAGE_STANDARD = gnu99;
				GCC_NO_COMMON_BLOCKS = YES;
				GCC_WARN_64_TO_32_BIT_CONVERSION = YES;
				GCC_WARN_ABOUT_RETURN_TYPE = YES_ERROR;
				GCC_WARN_UNDECLARED_SELECTOR = YES;
				GCC_WARN_UNINITIALIZED_AUTOS = YES_AGGRESSIVE;
				GCC_WARN_UNUSED_FUNCTION = YES;
				GCC_WARN_UNUSED_VARIABLE = YES;
				IPHONEOS_DEPLOYMENT_TARGET = 10.3;
				MTL_ENABLE_DEBUG_INFO = NO;
				SDKROOT = iphoneos;
				SWIFT_OPTIMIZATION_LEVEL = "-Owholemodule";
				VALIDATE_PRODUCT = YES;
			};
			name = Release;
		};
		542710841F2AB590005583BF /* Debug */ = {
			isa = XCBuildConfiguration;
			buildSettings = {
				ASSETCATALOG_COMPILER_APPICON_NAME = AppIcon;
				DEVELOPMENT_TEAM = K27EE7EUGC;
				INFOPLIST_FILE = Scribe/Info.plist;
				LD_RUNPATH_SEARCH_PATHS = "$(inherited) @executable_path/Frameworks";
				PRODUCT_BUNDLE_IDENTIFIER = com.andre.Scribe;
				PRODUCT_NAME = "$(TARGET_NAME)";
				SWIFT_VERSION = 3.0;
			};
			name = Debug;
		};
		542710851F2AB590005583BF /* Release */ = {
			isa = XCBuildConfiguration;
			buildSettings = {
				ASSETCATALOG_COMPILER_APPICON_NAME = AppIcon;
				DEVELOPMENT_TEAM = K27EE7EUGC;
				INFOPLIST_FILE = Scribe/Info.plist;
				LD_RUNPATH_SEARCH_PATHS = "$(inherited) @executable_path/Frameworks";
				PRODUCT_BUNDLE_IDENTIFIER = com.andre.Scribe;
				PRODUCT_NAME = "$(TARGET_NAME)";
				SWIFT_VERSION = 3.0;
			};
			name = Release;
		};
/* End XCBuildConfiguration section */

/* Begin XCConfigurationList section */
		5427106C1F2AB590005583BF /* Build configuration list for PBXProject "Scribe" */ = {
			isa = XCConfigurationList;
			buildConfigurations = (
				542710811F2AB590005583BF /* Debug */,
				542710821F2AB590005583BF /* Release */,
			);
			defaultConfigurationIsVisible = 0;
			defaultConfigurationName = Release;
		};
		542710831F2AB590005583BF /* Build configuration list for PBXNativeTarget "Scribe" */ = {
			isa = XCConfigurationList;
			buildConfigurations = (
				542710841F2AB590005583BF /* Debug */,
				542710851F2AB590005583BF /* Release */,
			);
			defaultConfigurationIsVisible = 0;
			defaultConfigurationName = Release;
		};
/* End XCConfigurationList section */
	};
	rootObject = 542710691F2AB590005583BF /* Project object */;
}
